
Microsoft Visual Studio Solution File, Format Version 12.00
# Visual Studio Version 16
VisualStudioVersion = 16.0.30114.105
MinimumVisualStudioVersion = 10.0.40219.1
Project("{FAE04EC0-301F-11D3-BF4B-00C04F79EFBC}") = "App", "App\App.csproj", "{C92FF59C-2033-4973-80AB-843C50637780}"
EndProject
Project("{FAE04EC0-301F-11D3-BF4B-00C04F79EFBC}") = "Test", "Test\Test.csproj", "{0300F5E4-B95A-4A23-AEDA-E25846EF9950}"
EndProject
Global
	GlobalSection(SolutionConfigurationPlatforms) = preSolution
		Debug|Any CPU = Debug|Any CPU
		Release|Any CPU = Release|Any CPU
	EndGlobalSection
	GlobalSection(SolutionProperties) = preSolution
		HideSolutionNode = FALSE
	EndGlobalSection
	GlobalSection(ProjectConfigurationPlatforms) = postSolution
		{C92FF59C-2033-4973-80AB-843C50637780}.Debug|Any CPU.ActiveCfg = Debug|Any CPU
		{C92FF59C-2033-4973-80AB-843C50637780}.Debug|Any CPU.Build.0 = Debug|Any CPU
		{C92FF59C-2033-4973-80AB-843C50637780}.Release|Any CPU.ActiveCfg = Release|Any CPU
		{C92FF59C-2033-4973-80AB-843C50637780}.Release|Any CPU.Build.0 = Release|Any CPU
		{0300F5E4-B95A-4A23-AEDA-E25846EF9950}.Debug|Any CPU.ActiveCfg = Debug|Any CPU
		{0300F5E4-B95A-4A23-AEDA-E25846EF9950}.Debug|Any CPU.Build.0 = Debug|Any CPU
		{0300F5E4-B95A-4A23-AEDA-E25846EF9950}.Release|Any CPU.ActiveCfg = Release|Any CPU
		{0300F5E4-B95A-4A23-AEDA-E25846EF9950}.Release|Any CPU.Build.0 = Release|Any CPU
	EndGlobalSection
EndGlobal
